
Microsoft Visual Studio Solution File, Format Version 12.00
# Visual Studio 15
VisualStudioVersion = 15.0.27703.2042
MinimumVisualStudioVersion = 10.0.40219.1
Project("{8BC9CEB8-8B4A-11D0-8D11-00A0C91BC942}") = "CPP1", "CPP1\CPP1.vcxproj", "{6116EAF6-7463-471A-BF37-B6391172DC66}"
EndProject
Global
	GlobalSection(SolutionConfigurationPlatforms) = preSolution
		Debug|x64 = Debug|x64
		Debug|x86 = Debug|x86
		Release|x64 = Release|x64
		Release|x86 = Release|x86
	EndGlobalSection
	GlobalSection(ProjectConfigurationPlatforms) = postSolution
		{6116EAF6-7463-471A-BF37-B6391172DC66}.Debug|x64.ActiveCfg = Debug|x64
		{6116EAF6-7463-471A-BF37-B6391172DC66}.Debug|x64.Build.0 = Debug|x64
		{6116EAF6-7463-471A-BF37-B6391172DC66}.Debug|x86.ActiveCfg = Debug|Win32
		{6116EAF6-7463-471A-BF37-B6391172DC66}.Debug|x86.Build.0 = Debug|Win32
		{6116EAF6-7463-471A-BF37-B6391172DC66}.Release|x64.ActiveCfg = Release|x64
		{6116EAF6-7463-471A-BF37-B6391172DC66}.Release|x64.Build.0 = Release|x64
		{6116EAF6-7463-471A-BF37-B6391172DC66}.Release|x86.ActiveCfg = Release|Win32
		{6116EAF6-7463-471A-BF37-B6391172DC66}.Release|x86.Build.0 = Release|Win32
	EndGlobalSection
	GlobalSection(SolutionProperties) = preSolution
		HideSolutionNode = FALSE
	EndGlobalSection
	GlobalSection(ExtensibilityGlobals) = postSolution
		SolutionGuid = {ACF8DCE9-C8EA-43C5-BDD5-B52E2E3F01E0}
	EndGlobalSection
EndGlobal
